// !$*UTF8*$!
{
	archiveVersion = 1;
	classes = {
	};
	objectVersion = 55;
	objects = {

/* Begin PBXBuildFile section */
		434197E6283EC8EE00457FED /* LoginButtonView.swift in Sources */ = {isa = PBXBuildFile; fileRef = 434197E5283EC8EE00457FED /* LoginButtonView.swift */; };
		434197E8283EC92000457FED /* FriendsAndGroupsViewCell.swift in Sources */ = {isa = PBXBuildFile; fileRef = 434197E7283EC92000457FED /* FriendsAndGroupsViewCell.swift */; };
		434197EA283EC9B900457FED /* GroupsView.swift in Sources */ = {isa = PBXBuildFile; fileRef = 434197E9283EC9B900457FED /* GroupsView.swift */; };
		434197EC283EDCB700457FED /* FriendPhotoView.swift in Sources */ = {isa = PBXBuildFile; fileRef = 434197EB283EDCB600457FED /* FriendPhotoView.swift */; };
		434197EE283EE0F400457FED /* NewsModel.swift in Sources */ = {isa = PBXBuildFile; fileRef = 434197ED283EE0F400457FED /* NewsModel.swift */; };
		434197F0283EE1D000457FED /* NewsView.swift in Sources */ = {isa = PBXBuildFile; fileRef = 434197EF283EE1D000457FED /* NewsView.swift */; };
		434197F2283F646F00457FED /* NewsCell.swift in Sources */ = {isa = PBXBuildFile; fileRef = 434197F1283F646F00457FED /* NewsCell.swift */; };
		439BFB7C28462A1500B4FEB3 /* UIColor+Pallete.swift in Sources */ = {isa = PBXBuildFile; fileRef = 439BFB7B28462A1500B4FEB3 /* UIColor+Pallete.swift */; };
		439BFB7F28462F3A00B4FEB3 /* Session.swift in Sources */ = {isa = PBXBuildFile; fileRef = 439BFB7E28462F3A00B4FEB3 /* Session.swift */; };
		439BFB8128464AD000B4FEB3 /* MainModel.swift in Sources */ = {isa = PBXBuildFile; fileRef = 439BFB8028464AD000B4FEB3 /* MainModel.swift */; };
		439E1C8B284623B0002EAAAF /* Webview.swift in Sources */ = {isa = PBXBuildFile; fileRef = 439E1C8A284623B0002EAAAF /* Webview.swift */; };
		439E1C8F28462798002EAAAF /* NetworkLayer.swift in Sources */ = {isa = PBXBuildFile; fileRef = 439E1C8E28462798002EAAAF /* NetworkLayer.swift */; };
		43AE373F282F05CF00A35EE8 /* SwiftUI_Vk_AppApp.swift in Sources */ = {isa = PBXBuildFile; fileRef = 43AE373E282F05CF00A35EE8 /* SwiftUI_Vk_AppApp.swift */; };
		43AE3743282F05D500A35EE8 /* Assets.xcassets in Resources */ = {isa = PBXBuildFile; fileRef = 43AE3742282F05D500A35EE8 /* Assets.xcassets */; };
		43AE3746282F05D500A35EE8 /* Preview Assets.xcassets in Resources */ = {isa = PBXBuildFile; fileRef = 43AE3745282F05D500A35EE8 /* Preview Assets.xcassets */; };
		43C1BBC42836D3BE003F19AA /* TapBarView.swift in Sources */ = {isa = PBXBuildFile; fileRef = 43C1BBC32836D3BE003F19AA /* TapBarView.swift */; };
		43C1BBC72836D7EB003F19AA /* UnderlineGrayView.swift in Sources */ = {isa = PBXBuildFile; fileRef = 43C1BBC62836D7EB003F19AA /* UnderlineGrayView.swift */; };
		43C1BBCB2836E217003F19AA /* FriendOrGroupModel.swift in Sources */ = {isa = PBXBuildFile; fileRef = 43C1BBCA2836E217003F19AA /* FriendOrGroupModel.swift */; };
		43E1FA9E28355D3B00480B6F /* FriendsView.swift in Sources */ = {isa = PBXBuildFile; fileRef = 43E1FA9D28355D3B00480B6F /* FriendsView.swift */; };
		43E1FAA028355DBC00480B6F /* LoginView.swift in Sources */ = {isa = PBXBuildFile; fileRef = 43E1FA9F28355DBC00480B6F /* LoginView.swift */; };
/* End PBXBuildFile section */

/* Begin PBXFileReference section */
		434197E5283EC8EE00457FED /* LoginButtonView.swift */ = {isa = PBXFileReference; lastKnownFileType = sourcecode.swift; path = LoginButtonView.swift; sourceTree = "<group>"; };
		434197E7283EC92000457FED /* FriendsAndGroupsViewCell.swift */ = {isa = PBXFileReference; lastKnownFileType = sourcecode.swift; path = FriendsAndGroupsViewCell.swift; sourceTree = "<group>"; };
		434197E9283EC9B900457FED /* GroupsView.swift */ = {isa = PBXFileReference; lastKnownFileType = sourcecode.swift; path = GroupsView.swift; sourceTree = "<group>"; };
		434197EB283EDCB600457FED /* FriendPhotoView.swift */ = {isa = PBXFileReference; lastKnownFileType = sourcecode.swift; path = FriendPhotoView.swift; sourceTree = "<group>"; };
		434197ED283EE0F400457FED /* NewsModel.swift */ = {isa = PBXFileReference; lastKnownFileType = sourcecode.swift; path = NewsModel.swift; sourceTree = "<group>"; };
		434197EF283EE1D000457FED /* NewsView.swift */ = {isa = PBXFileReference; lastKnownFileType = sourcecode.swift; path = NewsView.swift; sourceTree = "<group>"; };
		434197F1283F646F00457FED /* NewsCell.swift */ = {isa = PBXFileReference; lastKnownFileType = sourcecode.swift; path = NewsCell.swift; sourceTree = "<group>"; };
		439BFB7B28462A1500B4FEB3 /* UIColor+Pallete.swift */ = {isa = PBXFileReference; lastKnownFileType = sourcecode.swift; path = "UIColor+Pallete.swift"; sourceTree = "<group>"; };
		439BFB7E28462F3A00B4FEB3 /* Session.swift */ = {isa = PBXFileReference; fileEncoding = 4; lastKnownFileType = sourcecode.swift; path = Session.swift; sourceTree = "<group>"; };
		439BFB8028464AD000B4FEB3 /* MainModel.swift */ = {isa = PBXFileReference; lastKnownFileType = sourcecode.swift; path = MainModel.swift; sourceTree = "<group>"; };
		439E1C8A284623B0002EAAAF /* Webview.swift */ = {isa = PBXFileReference; lastKnownFileType = sourcecode.swift; path = Webview.swift; sourceTree = "<group>"; };
		439E1C8E28462798002EAAAF /* NetworkLayer.swift */ = {isa = PBXFileReference; lastKnownFileType = sourcecode.swift; path = NetworkLayer.swift; sourceTree = "<group>"; };
		43AE373B282F05CF00A35EE8 /* SwiftUI Vk App.app */ = {isa = PBXFileReference; explicitFileType = wrapper.application; includeInIndex = 0; path = "SwiftUI Vk App.app"; sourceTree = BUILT_PRODUCTS_DIR; };
		43AE373E282F05CF00A35EE8 /* SwiftUI_Vk_AppApp.swift */ = {isa = PBXFileReference; lastKnownFileType = sourcecode.swift; path = SwiftUI_Vk_AppApp.swift; sourceTree = "<group>"; };
		43AE3742282F05D500A35EE8 /* Assets.xcassets */ = {isa = PBXFileReference; lastKnownFileType = folder.assetcatalog; path = Assets.xcassets; sourceTree = "<group>"; };
		43AE3745282F05D500A35EE8 /* Preview Assets.xcassets */ = {isa = PBXFileReference; lastKnownFileType = folder.assetcatalog; path = "Preview Assets.xcassets"; sourceTree = "<group>"; };
		43C1BBC32836D3BE003F19AA /* TapBarView.swift */ = {isa = PBXFileReference; lastKnownFileType = sourcecode.swift; path = TapBarView.swift; sourceTree = "<group>"; };
		43C1BBC62836D7EB003F19AA /* UnderlineGrayView.swift */ = {isa = PBXFileReference; lastKnownFileType = sourcecode.swift; path = UnderlineGrayView.swift; sourceTree = "<group>"; };
		43C1BBCA2836E217003F19AA /* FriendOrGroupModel.swift */ = {isa = PBXFileReference; lastKnownFileType = sourcecode.swift; path = FriendOrGroupModel.swift; sourceTree = "<group>"; };
		43E1FA9D28355D3B00480B6F /* FriendsView.swift */ = {isa = PBXFileReference; lastKnownFileType = sourcecode.swift; path = FriendsView.swift; sourceTree = "<group>"; };
		43E1FA9F28355DBC00480B6F /* LoginView.swift */ = {isa = PBXFileReference; lastKnownFileType = sourcecode.swift; path = LoginView.swift; sourceTree = "<group>"; };
/* End PBXFileReference section */

/* Begin PBXFrameworksBuildPhase section */
		43AE3738282F05CF00A35EE8 /* Frameworks */ = {
			isa = PBXFrameworksBuildPhase;
			buildActionMask = 2147483647;
			files = (
			);
			runOnlyForDeploymentPostprocessing = 0;
		};
/* End PBXFrameworksBuildPhase section */

/* Begin PBXGroup section */
		434197E3283EC8A500457FED /* Cells */ = {
			isa = PBXGroup;
			children = (
				434197E7283EC92000457FED /* FriendsAndGroupsViewCell.swift */,
				434197F1283F646F00457FED /* NewsCell.swift */,
			);
			path = Cells;
			sourceTree = "<group>";
		};
		434197E4283EC8B600457FED /* Views */ = {
			isa = PBXGroup;
			children = (
				43C1BBC62836D7EB003F19AA /* UnderlineGrayView.swift */,
				434197E5283EC8EE00457FED /* LoginButtonView.swift */,
			);
			path = Views;
			sourceTree = "<group>";
		};
		439BFB7D28462A8500B4FEB3 /* Extensions */ = {
			isa = PBXGroup;
			children = (
				439BFB7B28462A1500B4FEB3 /* UIColor+Pallete.swift */,
			);
			path = Extensions;
			sourceTree = "<group>";
		};
		439E1C8C28462773002EAAAF /* Core */ = {
			isa = PBXGroup;
			children = (
				439E1C8D28462783002EAAAF /* NetworkLayer */,
			);
			path = Core;
			sourceTree = "<group>";
		};
		439E1C8D28462783002EAAAF /* NetworkLayer */ = {
			isa = PBXGroup;
			children = (
				439E1C8E28462798002EAAAF /* NetworkLayer.swift */,
			);
			path = NetworkLayer;
			sourceTree = "<group>";
		};
		43AE3732282F05CF00A35EE8 = {
			isa = PBXGroup;
			children = (
				43AE373D282F05CF00A35EE8 /* SwiftUI Vk App */,
				43AE373C282F05CF00A35EE8 /* Products */,
			);
			sourceTree = "<group>";
		};
		43AE373C282F05CF00A35EE8 /* Products */ = {
			isa = PBXGroup;
			children = (
				43AE373B282F05CF00A35EE8 /* SwiftUI Vk App.app */,
			);
			name = Products;
			sourceTree = "<group>";
		};
		43AE373D282F05CF00A35EE8 /* SwiftUI Vk App */ = {
			isa = PBXGroup;
			children = (
				43AE373E282F05CF00A35EE8 /* SwiftUI_Vk_AppApp.swift */,
				439BFB7D28462A8500B4FEB3 /* Extensions */,
				43C1BBC82836E1FA003F19AA /* Models */,
				43E1FAA128355DC400480B6F /* Views */,
				439E1C8C28462773002EAAAF /* Core */,
				43AE3742282F05D500A35EE8 /* Assets.xcassets */,
				43AE3744282F05D500A35EE8 /* Preview Content */,
			);
			path = "SwiftUI Vk App";
			sourceTree = "<group>";
		};
		43AE3744282F05D500A35EE8 /* Preview Content */ = {
			isa = PBXGroup;
			children = (
				43AE3745282F05D500A35EE8 /* Preview Assets.xcassets */,
			);
			path = "Preview Content";
			sourceTree = "<group>";
		};
		43C1BBC52836D7C4003F19AA /* Subviews */ = {
			isa = PBXGroup;
			children = (
				434197E4283EC8B600457FED /* Views */,
				434197E3283EC8A500457FED /* Cells */,
				439E1C8A284623B0002EAAAF /* Webview.swift */,
			);
			path = Subviews;
			sourceTree = "<group>";
		};
		43C1BBC82836E1FA003F19AA /* Models */ = {
			isa = PBXGroup;
			children = (
				439BFB7E28462F3A00B4FEB3 /* Session.swift */,
				439BFB8028464AD000B4FEB3 /* MainModel.swift */,
				43C1BBCA2836E217003F19AA /* FriendOrGroupModel.swift */,
				434197ED283EE0F400457FED /* NewsModel.swift */,
			);
			path = Models;
			sourceTree = "<group>";
		};
		43E1FAA128355DC400480B6F /* Views */ = {
			isa = PBXGroup;
			children = (
				43C1BBC52836D7C4003F19AA /* Subviews */,
				43E1FA9F28355DBC00480B6F /* LoginView.swift */,
				43C1BBC32836D3BE003F19AA /* TapBarView.swift */,
				43E1FA9D28355D3B00480B6F /* FriendsView.swift */,
				434197E9283EC9B900457FED /* GroupsView.swift */,
				434197EB283EDCB600457FED /* FriendPhotoView.swift */,
				434197EF283EE1D000457FED /* NewsView.swift */,
			);
			path = Views;
			sourceTree = "<group>";
		};
/* End PBXGroup section */

/* Begin PBXNativeTarget section */
		43AE373A282F05CF00A35EE8 /* SwiftUI Vk App */ = {
			isa = PBXNativeTarget;
			buildConfigurationList = 43AE3749282F05D500A35EE8 /* Build configuration list for PBXNativeTarget "SwiftUI Vk App" */;
			buildPhases = (
				43AE3737282F05CF00A35EE8 /* Sources */,
				43AE3738282F05CF00A35EE8 /* Frameworks */,
				43AE3739282F05CF00A35EE8 /* Resources */,
			);
			buildRules = (
			);
			dependencies = (
			);
			name = "SwiftUI Vk App";
			productName = "SwiftUI Vk App";
			productReference = 43AE373B282F05CF00A35EE8 /* SwiftUI Vk App.app */;
			productType = "com.apple.product-type.application";
		};
/* End PBXNativeTarget section */

/* Begin PBXProject section */
		43AE3733282F05CF00A35EE8 /* Project object */ = {
			isa = PBXProject;
			attributes = {
				BuildIndependentTargetsInParallel = 1;
				LastSwiftUpdateCheck = 1330;
				LastUpgradeCheck = 1330;
				TargetAttributes = {
					43AE373A282F05CF00A35EE8 = {
						CreatedOnToolsVersion = 13.3.1;
					};
				};
			};
			buildConfigurationList = 43AE3736282F05CF00A35EE8 /* Build configuration list for PBXProject "SwiftUI Vk App" */;
			compatibilityVersion = "Xcode 13.0";
			developmentRegion = en;
			hasScannedForEncodings = 0;
			knownRegions = (
				en,
				Base,
			);
			mainGroup = 43AE3732282F05CF00A35EE8;
			productRefGroup = 43AE373C282F05CF00A35EE8 /* Products */;
			projectDirPath = "";
			projectRoot = "";
			targets = (
				43AE373A282F05CF00A35EE8 /* SwiftUI Vk App */,
			);
		};
/* End PBXProject section */

/* Begin PBXResourcesBuildPhase section */
		43AE3739282F05CF00A35EE8 /* Resources */ = {
			isa = PBXResourcesBuildPhase;
			buildActionMask = 2147483647;
			files = (
				43AE3746282F05D500A35EE8 /* Preview Assets.xcassets in Resources */,
				43AE3743282F05D500A35EE8 /* Assets.xcassets in Resources */,
			);
			runOnlyForDeploymentPostprocessing = 0;
		};
/* End PBXResourcesBuildPhase section */

/* Begin PBXSourcesBuildPhase section */
		43AE3737282F05CF00A35EE8 /* Sources */ = {
			isa = PBXSourcesBuildPhase;
			buildActionMask = 2147483647;
			files = (
				434197EA283EC9B900457FED /* GroupsView.swift in Sources */,
				439BFB7F28462F3A00B4FEB3 /* Session.swift in Sources */,
				43E1FA9E28355D3B00480B6F /* FriendsView.swift in Sources */,
				43C1BBC42836D3BE003F19AA /* TapBarView.swift in Sources */,
				439E1C8F28462798002EAAAF /* NetworkLayer.swift in Sources */,
				434197E8283EC92000457FED /* FriendsAndGroupsViewCell.swift in Sources */,
				43E1FAA028355DBC00480B6F /* LoginView.swift in Sources */,
				439E1C8B284623B0002EAAAF /* Webview.swift in Sources */,
				43C1BBC72836D7EB003F19AA /* UnderlineGrayView.swift in Sources */,
				434197EE283EE0F400457FED /* NewsModel.swift in Sources */,
				43C1BBCB2836E217003F19AA /* FriendOrGroupModel.swift in Sources */,
				434197EC283EDCB700457FED /* FriendPhotoView.swift in Sources */,
				434197F0283EE1D000457FED /* NewsView.swift in Sources */,
				43AE373F282F05CF00A35EE8 /* SwiftUI_Vk_AppApp.swift in Sources */,
				439BFB8128464AD000B4FEB3 /* MainModel.swift in Sources */,
				434197F2283F646F00457FED /* NewsCell.swift in Sources */,
				434197E6283EC8EE00457FED /* LoginButtonView.swift in Sources */,
				439BFB7C28462A1500B4FEB3 /* UIColor+Pallete.swift in Sources */,
			);
			runOnlyForDeploymentPostprocessing = 0;
		};
/* End PBXSourcesBuildPhase section */

/* Begin XCBuildConfiguration section */
		43AE3747282F05D500A35EE8 /* Debug */ = {
			isa = XCBuildConfiguration;
			buildSettings = {
				ALWAYS_SEARCH_USER_PATHS = NO;
				CLANG_ANALYZER_NONNULL = YES;
				CLANG_ANALYZER_NUMBER_OBJECT_CONVERSION = YES_AGGRESSIVE;
				CLANG_CXX_LANGUAGE_STANDARD = "gnu++17";
				CLANG_ENABLE_MODULES = YES;
				CLANG_ENABLE_OBJC_ARC = YES;
				CLANG_ENABLE_OBJC_WEAK = YES;
				CLANG_WARN_BLOCK_CAPTURE_AUTORELEASING = YES;
				CLANG_WARN_BOOL_CONVERSION = YES;
				CLANG_WARN_COMMA = YES;
				CLANG_WARN_CONSTANT_CONVERSION = YES;
				CLANG_WARN_DEPRECATED_OBJC_IMPLEMENTATIONS = YES;
				CLANG_WARN_DIRECT_OBJC_ISA_USAGE = YES_ERROR;
				CLANG_WARN_DOCUMENTATION_COMMENTS = YES;
				CLANG_WARN_EMPTY_BODY = YES;
				CLANG_WARN_ENUM_CONVERSION = YES;
				CLANG_WARN_INFINITE_RECURSION = YES;
				CLANG_WARN_INT_CONVERSION = YES;
				CLANG_WARN_NON_LITERAL_NULL_CONVERSION = YES;
				CLANG_WARN_OBJC_IMPLICIT_RETAIN_SELF = YES;
				CLANG_WARN_OBJC_LITERAL_CONVERSION = YES;
				CLANG_WARN_OBJC_ROOT_CLASS = YES_ERROR;
				CLANG_WARN_QUOTED_INCLUDE_IN_FRAMEWORK_HEADER = YES;
				CLANG_WARN_RANGE_LOOP_ANALYSIS = YES;
				CLANG_WARN_STRICT_PROTOTYPES = YES;
				CLANG_WARN_SUSPICIOUS_MOVE = YES;
				CLANG_WARN_UNGUARDED_AVAILABILITY = YES_AGGRESSIVE;
				CLANG_WARN_UNREACHABLE_CODE = YES;
				CLANG_WARN__DUPLICATE_METHOD_MATCH = YES;
				COPY_PHASE_STRIP = NO;
				DEBUG_INFORMATION_FORMAT = dwarf;
				ENABLE_STRICT_OBJC_MSGSEND = YES;
				ENABLE_TESTABILITY = YES;
				GCC_C_LANGUAGE_STANDARD = gnu11;
				GCC_DYNAMIC_NO_PIC = NO;
				GCC_NO_COMMON_BLOCKS = YES;
				GCC_OPTIMIZATION_LEVEL = 0;
				GCC_PREPROCESSOR_DEFINITIONS = (
					"DEBUG=1",
					"$(inherited)",
				);
				GCC_WARN_64_TO_32_BIT_CONVERSION = YES;
				GCC_WARN_ABOUT_RETURN_TYPE = YES_ERROR;
				GCC_WARN_UNDECLARED_SELECTOR = YES;
				GCC_WARN_UNINITIALIZED_AUTOS = YES_AGGRESSIVE;
				GCC_WARN_UNUSED_FUNCTION = YES;
				GCC_WARN_UNUSED_VARIABLE = YES;
				IPHONEOS_DEPLOYMENT_TARGET = 15.4;
				MTL_ENABLE_DEBUG_INFO = INCLUDE_SOURCE;
				MTL_FAST_MATH = YES;
				ONLY_ACTIVE_ARCH = YES;
				SDKROOT = iphoneos;
				SWIFT_ACTIVE_COMPILATION_CONDITIONS = DEBUG;
				SWIFT_OPTIMIZATION_LEVEL = "-Onone";
			};
			name = Debug;
		};
		43AE3748282F05D500A35EE8 /* Release */ = {
			isa = XCBuildConfiguration;
			buildSettings = {
				ALWAYS_SEARCH_USER_PATHS = NO;
				CLANG_ANALYZER_NONNULL = YES;
				CLANG_ANALYZER_NUMBER_OBJECT_CONVERSION = YES_AGGRESSIVE;
				CLANG_CXX_LANGUAGE_STANDARD = "gnu++17";
				CLANG_ENABLE_MODULES = YES;
				CLANG_ENABLE_OBJC_ARC = YES;
				CLANG_ENABLE_OBJC_WEAK = YES;
				CLANG_WARN_BLOCK_CAPTURE_AUTORELEASING = YES;
				CLANG_WARN_BOOL_CONVERSION = YES;
				CLANG_WARN_COMMA = YES;
				CLANG_WARN_CONSTANT_CONVERSION = YES;
				CLANG_WARN_DEPRECATED_OBJC_IMPLEMENTATIONS = YES;
				CLANG_WARN_DIRECT_OBJC_ISA_USAGE = YES_ERROR;
				CLANG_WARN_DOCUMENTATION_COMMENTS = YES;
				CLANG_WARN_EMPTY_BODY = YES;
				CLANG_WARN_ENUM_CONVERSION = YES;
				CLANG_WARN_INFINITE_RECURSION = YES;
				CLANG_WARN_INT_CONVERSION = YES;
				CLANG_WARN_NON_LITERAL_NULL_CONVERSION = YES;
				CLANG_WARN_OBJC_IMPLICIT_RETAIN_SELF = YES;
				CLANG_WARN_OBJC_LITERAL_CONVERSION = YES;
				CLANG_WARN_OBJC_ROOT_CLASS = YES_ERROR;
				CLANG_WARN_QUOTED_INCLUDE_IN_FRAMEWORK_HEADER = YES;
				CLANG_WARN_RANGE_LOOP_ANALYSIS = YES;
				CLANG_WARN_STRICT_PROTOTYPES = YES;
				CLANG_WARN_SUSPICIOUS_MOVE = YES;
				CLANG_WARN_UNGUARDED_AVAILABILITY = YES_AGGRESSIVE;
				CLANG_WARN_UNREACHABLE_CODE = YES;
				CLANG_WARN__DUPLICATE_METHOD_MATCH = YES;
				COPY_PHASE_STRIP = NO;
				DEBUG_INFORMATION_FORMAT = "dwarf-with-dsym";
				ENABLE_NS_ASSERTIONS = NO;
				ENABLE_STRICT_OBJC_MSGSEND = YES;
				GCC_C_LANGUAGE_STANDARD = gnu11;
				GCC_NO_COMMON_BLOCKS = YES;
				GCC_WARN_64_TO_32_BIT_CONVERSION = YES;
				GCC_WARN_ABOUT_RETURN_TYPE = YES_ERROR;
				GCC_WARN_UNDECLARED_SELECTOR = YES;
				GCC_WARN_UNINITIALIZED_AUTOS = YES_AGGRESSIVE;
				GCC_WARN_UNUSED_FUNCTION = YES;
				GCC_WARN_UNUSED_VARIABLE = YES;
				IPHONEOS_DEPLOYMENT_TARGET = 15.4;
				MTL_ENABLE_DEBUG_INFO = NO;
				MTL_FAST_MATH = YES;
				SDKROOT = iphoneos;
				SWIFT_COMPILATION_MODE = wholemodule;
				SWIFT_OPTIMIZATION_LEVEL = "-O";
				VALIDATE_PRODUCT = YES;
			};
			name = Release;
		};
		43AE374A282F05D500A35EE8 /* Debug */ = {
			isa = XCBuildConfiguration;
			buildSettings = {
				ASSETCATALOG_COMPILER_APPICON_NAME = AppIcon;
				ASSETCATALOG_COMPILER_GLOBAL_ACCENT_COLOR_NAME = AccentColor;
				CODE_SIGN_STYLE = Automatic;
				CURRENT_PROJECT_VERSION = 1;
				DEVELOPMENT_ASSET_PATHS = "\"SwiftUI Vk App/Preview Content\"";
				DEVELOPMENT_TEAM = 4ASSJS6XBQ;
				ENABLE_PREVIEWS = YES;
				GENERATE_INFOPLIST_FILE = YES;
				INFOPLIST_KEY_UIApplicationSceneManifest_Generation = YES;
				INFOPLIST_KEY_UIApplicationSupportsIndirectInputEvents = YES;
				INFOPLIST_KEY_UILaunchScreen_Generation = YES;
				INFOPLIST_KEY_UISupportedInterfaceOrientations_iPad = "UIInterfaceOrientationPortrait UIInterfaceOrientationPortraitUpsideDown UIInterfaceOrientationLandscapeLeft UIInterfaceOrientationLandscapeRight";
				INFOPLIST_KEY_UISupportedInterfaceOrientations_iPhone = "UIInterfaceOrientationPortrait UIInterfaceOrientationLandscapeLeft UIInterfaceOrientationLandscapeRight";
				LD_RUNPATH_SEARCH_PATHS = (
					"$(inherited)",
					"@executable_path/Frameworks",
				);
				MARKETING_VERSION = 1.0;
				PRODUCT_BUNDLE_IDENTIFIER = "hz4ever.SwiftUI-Vk-App";
				PRODUCT_NAME = "$(TARGET_NAME)";
				SWIFT_EMIT_LOC_STRINGS = YES;
				SWIFT_VERSION = 5.0;
				TARGETED_DEVICE_FAMILY = "1,2";
			};
			name = Debug;
		};
		43AE374B282F05D500A35EE8 /* Release */ = {
			isa = XCBuildConfiguration;
			buildSettings = {
				ASSETCATALOG_COMPILER_APPICON_NAME = AppIcon;
				ASSETCATALOG_COMPILER_GLOBAL_ACCENT_COLOR_NAME = AccentColor;
				CODE_SIGN_STYLE = Automatic;
				CURRENT_PROJECT_VERSION = 1;
				DEVELOPMENT_ASSET_PATHS = "\"SwiftUI Vk App/Preview Content\"";
				DEVELOPMENT_TEAM = 4ASSJS6XBQ;
				ENABLE_PREVIEWS = YES;
				GENERATE_INFOPLIST_FILE = YES;
				INFOPLIST_KEY_UIApplicationSceneManifest_Generation = YES;
				INFOPLIST_KEY_UIApplicationSupportsIndirectInputEvents = YES;
				INFOPLIST_KEY_UILaunchScreen_Generation = YES;
				INFOPLIST_KEY_UISupportedInterfaceOrientations_iPad = "UIInterfaceOrientationPortrait UIInterfaceOrientationPortraitUpsideDown UIInterfaceOrientationLandscapeLeft UIInterfaceOrientationLandscapeRight";
				INFOPLIST_KEY_UISupportedInterfaceOrientations_iPhone = "UIInterfaceOrientationPortrait UIInterfaceOrientationLandscapeLeft UIInterfaceOrientationLandscapeRight";
				LD_RUNPATH_SEARCH_PATHS = (
					"$(inherited)",
					"@executable_path/Frameworks",
				);
				MARKETING_VERSION = 1.0;
				PRODUCT_BUNDLE_IDENTIFIER = "hz4ever.SwiftUI-Vk-App";
				PRODUCT_NAME = "$(TARGET_NAME)";
				SWIFT_EMIT_LOC_STRINGS = YES;
				SWIFT_VERSION = 5.0;
				TARGETED_DEVICE_FAMILY = "1,2";
			};
			name = Release;
		};
/* End XCBuildConfiguration section */

/* Begin XCConfigurationList section */
		43AE3736282F05CF00A35EE8 /* Build configuration list for PBXProject "SwiftUI Vk App" */ = {
			isa = XCConfigurationList;
			buildConfigurations = (
				43AE3747282F05D500A35EE8 /* Debug */,
				43AE3748282F05D500A35EE8 /* Release */,
			);
			defaultConfigurationIsVisible = 0;
			defaultConfigurationName = Release;
		};
		43AE3749282F05D500A35EE8 /* Build configuration list for PBXNativeTarget "SwiftUI Vk App" */ = {
			isa = XCConfigurationList;
			buildConfigurations = (
				43AE374A282F05D500A35EE8 /* Debug */,
				43AE374B282F05D500A35EE8 /* Release */,
			);
			defaultConfigurationIsVisible = 0;
			defaultConfigurationName = Release;
		};
/* End XCConfigurationList section */
	};
	rootObject = 43AE3733282F05CF00A35EE8 /* Project object */;
}
